
Microsoft Visual Studio Solution File, Format Version 12.00
# Visual Studio Version 17
VisualStudioVersion = 17.3.32929.385
MinimumVisualStudioVersion = 10.0.40219.1
Project("{9A19103F-16F7-4668-BE54-9A1E7A4F7556}") = "ECommerce.Api.Products", "ECommerce.Api.Products\ECommerce.Api.Products.csproj", "{815209BD-58BA-437A-9FCD-F900DD3816F5}"
EndProject
Project("{9A19103F-16F7-4668-BE54-9A1E7A4F7556}") = "ECommerce.Api.Orders", "ECommerce.Api.Orders\ECommerce.Api.Orders.csproj", "{A86ABBF9-F6EE-411F-B425-A538D9061358}"
EndProject
Project("{9A19103F-16F7-4668-BE54-9A1E7A4F7556}") = "ECommerce.Api.Search", "ECommerce.Api.Search\ECommerce.Api.Search.csproj", "{241F580F-7705-45F4-BBC2-42DDACC9166F}"
EndProject
Project("{9A19103F-16F7-4668-BE54-9A1E7A4F7556}") = "ECommerce.Api.Customers", "ECommerce.Api.Customers\ECommerce.Api.Customers.csproj", "{7B648607-B6DB-47EE-B309-EFFC15F77428}"
EndProject
Project("{FAE04EC0-301F-11D3-BF4B-00C04F79EFBC}") = "ECommerce.Api.Products.Tests", "ECommerce.Api.Products.Tests\ECommerce.Api.Products.Tests.csproj", "{F31454F4-1B08-49F7-8C99-6F6FC8EE4FBB}"
EndProject
Project("{E53339B2-1760-4266-BCC7-CA923CBCF16C}") = "docker-compose", "docker-compose.dcproj", "{F4A6356E-D672-40AA-85E2-800B59C03BD1}"
EndProject
Global
	GlobalSection(SolutionConfigurationPlatforms) = preSolution
		Debug|Any CPU = Debug|Any CPU
		Release|Any CPU = Release|Any CPU
	EndGlobalSection
	GlobalSection(ProjectConfigurationPlatforms) = postSolution
		{815209BD-58BA-437A-9FCD-F900DD3816F5}.Debug|Any CPU.ActiveCfg = Debug|Any CPU
		{815209BD-58BA-437A-9FCD-F900DD3816F5}.Debug|Any CPU.Build.0 = Debug|Any CPU
		{815209BD-58BA-437A-9FCD-F900DD3816F5}.Release|Any CPU.ActiveCfg = Release|Any CPU
		{815209BD-58BA-437A-9FCD-F900DD3816F5}.Release|Any CPU.Build.0 = Release|Any CPU
		{A86ABBF9-F6EE-411F-B425-A538D9061358}.Debug|Any CPU.ActiveCfg = Debug|Any CPU
		{A86ABBF9-F6EE-411F-B425-A538D9061358}.Debug|Any CPU.Build.0 = Debug|Any CPU
		{A86ABBF9-F6EE-411F-B425-A538D9061358}.Release|Any CPU.ActiveCfg = Release|Any CPU
		{A86ABBF9-F6EE-411F-B425-A538D9061358}.Release|Any CPU.Build.0 = Release|Any CPU
		{241F580F-7705-45F4-BBC2-42DDACC9166F}.Debug|Any CPU.ActiveCfg = Debug|Any CPU
		{241F580F-7705-45F4-BBC2-42DDACC9166F}.Debug|Any CPU.Build.0 = Debug|Any CPU
		{241F580F-7705-45F4-BBC2-42DDACC9166F}.Release|Any CPU.ActiveCfg = Release|Any CPU
		{241F580F-7705-45F4-BBC2-42DDACC9166F}.Release|Any CPU.Build.0 = Release|Any CPU
		{7B648607-B6DB-47EE-B309-EFFC15F77428}.Debug|Any CPU.ActiveCfg = Debug|Any CPU
		{7B648607-B6DB-47EE-B309-EFFC15F77428}.Debug|Any CPU.Build.0 = Debug|Any CPU
		{7B648607-B6DB-47EE-B309-EFFC15F77428}.Release|Any CPU.ActiveCfg = Release|Any CPU
		{7B648607-B6DB-47EE-B309-EFFC15F77428}.Release|Any CPU.Build.0 = Release|Any CPU
		{F31454F4-1B08-49F7-8C99-6F6FC8EE4FBB}.Debug|Any CPU.ActiveCfg = Debug|Any CPU
		{F31454F4-1B08-49F7-8C99-6F6FC8EE4FBB}.Debug|Any CPU.Build.0 = Debug|Any CPU
		{F31454F4-1B08-49F7-8C99-6F6FC8EE4FBB}.Release|Any CPU.ActiveCfg = Release|Any CPU
		{F31454F4-1B08-49F7-8C99-6F6FC8EE4FBB}.Release|Any CPU.Build.0 = Release|Any CPU
		{F4A6356E-D672-40AA-85E2-800B59C03BD1}.Debug|Any CPU.ActiveCfg = Debug|Any CPU
		{F4A6356E-D672-40AA-85E2-800B59C03BD1}.Debug|Any CPU.Build.0 = Debug|Any CPU
		{F4A6356E-D672-40AA-85E2-800B59C03BD1}.Release|Any CPU.ActiveCfg = Release|Any CPU
		{F4A6356E-D672-40AA-85E2-800B59C03BD1}.Release|Any CPU.Build.0 = Release|Any CPU
	EndGlobalSection
	GlobalSection(SolutionProperties) = preSolution
		HideSolutionNode = FALSE
	EndGlobalSection
	GlobalSection(ExtensibilityGlobals) = postSolution
		SolutionGuid = {83122409-897C-4618-8D73-8867A1BBC90E}
	EndGlobalSection
EndGlobal
